// !$*UTF8*$!
{
	archiveVersion = 1;
	classes = {
	};
	objectVersion = 51;
	objects = {

/* Begin PBXBuildFile section */
		3A4DC23D1EB1B3A5B1E74D13 /* (null) in Frameworks */ = {isa = PBXBuildFile; };
		3AAB48E223AA900A003A779A /* AppDelegate.swift in Sources */ = {isa = PBXBuildFile; fileRef = 3AAB48E123AA900A003A779A /* AppDelegate.swift */; };
		3AAB48E423AA900A003A779A /* SceneDelegate.swift in Sources */ = {isa = PBXBuildFile; fileRef = 3AAB48E323AA900A003A779A /* SceneDelegate.swift */; };
		3AAB48E623AA900A003A779A /* ViewController.swift in Sources */ = {isa = PBXBuildFile; fileRef = 3AAB48E523AA900A003A779A /* ViewController.swift */; };
		3AAB48E923AA900A003A779A /* Main.storyboard in Resources */ = {isa = PBXBuildFile; fileRef = 3AAB48E723AA900A003A779A /* Main.storyboard */; };
		3AAB48EB23AA900B003A779A /* Assets.xcassets in Resources */ = {isa = PBXBuildFile; fileRef = 3AAB48EA23AA900B003A779A /* Assets.xcassets */; };
		3AAB48EE23AA900B003A779A /* LaunchScreen.storyboard in Resources */ = {isa = PBXBuildFile; fileRef = 3AAB48EC23AA900B003A779A /* LaunchScreen.storyboard */; };
		3AAB48F923AA900B003A779A /* SavePlatesTests.swift in Sources */ = {isa = PBXBuildFile; fileRef = 3AAB48F823AA900B003A779A /* SavePlatesTests.swift */; };
		3AAB490423AA900B003A779A /* SavePlatesUITests.swift in Sources */ = {isa = PBXBuildFile; fileRef = 3AAB490323AA900B003A779A /* SavePlatesUITests.swift */; };
		3AAB492B23AA9F29003A779A /* LoginViewController.swift in Sources */ = {isa = PBXBuildFile; fileRef = 3AAB492A23AA9F29003A779A /* LoginViewController.swift */; };
		3AAB492F23AA9F45003A779A /* NetworkHelper.swift in Sources */ = {isa = PBXBuildFile; fileRef = 3AAB492E23AA9F45003A779A /* NetworkHelper.swift */; };
		3AAB493223AA9F77003A779A /* FirebaseAuthService.swift in Sources */ = {isa = PBXBuildFile; fileRef = 3AAB493123AA9F77003A779A /* FirebaseAuthService.swift */; };
		3AAB493523AA9F9E003A779A /* User.swift in Sources */ = {isa = PBXBuildFile; fileRef = 3AAB493423AA9F9E003A779A /* User.swift */; };
		3AAB493B23AAB647003A779A /* String+Validations.swift in Sources */ = {isa = PBXBuildFile; fileRef = 3AAB493A23AAB647003A779A /* String+Validations.swift */; };
		3AAB494523AAD71C003A779A /* SignUpViewController.swift in Sources */ = {isa = PBXBuildFile; fileRef = 3AAB494423AAD71C003A779A /* SignUpViewController.swift */; };
		3AAB494723AAD74C003A779A /* PlateDetailViewController.swift in Sources */ = {isa = PBXBuildFile; fileRef = 3AAB494623AAD74C003A779A /* PlateDetailViewController.swift */; };
		3AAB494923AAD7B2003A779A /* Plate.swift in Sources */ = {isa = PBXBuildFile; fileRef = 3AAB494823AAD7B2003A779A /* Plate.swift */; };
		3AAB494B23AAD7E4003A779A /* Restaurant.swift in Sources */ = {isa = PBXBuildFile; fileRef = 3AAB494A23AAD7E4003A779A /* Restaurant.swift */; };
		64C7F7D0AADC290F8622161B /* Pods_SavePlatesTests.framework in Frameworks */ = {isa = PBXBuildFile; fileRef = 72DD39613BD3CCFE073EC28D /* Pods_SavePlatesTests.framework */; };
		80B2AFCDA73858C43B387EB3 /* Pods_SavePlates.framework in Frameworks */ = {isa = PBXBuildFile; fileRef = 393B89FC702F50A5D867AF31 /* Pods_SavePlates.framework */; };
		82FF9275CFEC03EB95DDFE57 /* Pods_SavePlates_SavePlatesUITests.framework in Frameworks */ = {isa = PBXBuildFile; fileRef = 18ABAFE17C83011E6AC3CB7E /* Pods_SavePlates_SavePlatesUITests.framework */; };
		D852786D23AAF7E7006AF730 /* MainScreenTabBarViewController.swift in Sources */ = {isa = PBXBuildFile; fileRef = D852786C23AAF7E7006AF730 /* MainScreenTabBarViewController.swift */; };
		D852786F23AAF805006AF730 /* PlatesHistoryViewController.swift in Sources */ = {isa = PBXBuildFile; fileRef = D852786E23AAF805006AF730 /* PlatesHistoryViewController.swift */; };
		DF79AF8223AAAE990097267D /* FoodTypePickerViewController.swift in Sources */ = {isa = PBXBuildFile; fileRef = DF79AF8123AAAE990097267D /* FoodTypePickerViewController.swift */; };
		DF79AF8423AAC0A50097267D /* GoogleService-Info.plist in Resources */ = {isa = PBXBuildFile; fileRef = DF79AF8323AAC0A50097267D /* GoogleService-Info.plist */; };
		DF79AF8623AAC1670097267D /* SearchPlatesViewController.swift in Sources */ = {isa = PBXBuildFile; fileRef = DF79AF8523AAC1670097267D /* SearchPlatesViewController.swift */; };
		DF79AF8823AAC2270097267D /* PlatesCell.swift in Sources */ = {isa = PBXBuildFile; fileRef = DF79AF8723AAC2270097267D /* PlatesCell.swift */; };
		FC3E0B1523AAA66D0051D8A2 /* FirebaseStorageService.swift in Sources */ = {isa = PBXBuildFile; fileRef = FC3E0B1423AAA66D0051D8A2 /* FirebaseStorageService.swift */; };
		FC3E0B1723AAA69D0051D8A2 /* FirestoreService.swift in Sources */ = {isa = PBXBuildFile; fileRef = FC3E0B1623AAA69D0051D8A2 /* FirestoreService.swift */; };
		FC3E0B1923AAA6F00051D8A2 /* AppUser.swift in Sources */ = {isa = PBXBuildFile; fileRef = FC3E0B1823AAA6F00051D8A2 /* AppUser.swift */; };
/* End PBXBuildFile section */

/* Begin PBXContainerItemProxy section */
		3AAB48F523AA900B003A779A /* PBXContainerItemProxy */ = {
			isa = PBXContainerItemProxy;
			containerPortal = 3AAB48D623AA900A003A779A /* Project object */;
			proxyType = 1;
			remoteGlobalIDString = 3AAB48DD23AA900A003A779A;
			remoteInfo = SavePlates;
		};
		3AAB490023AA900B003A779A /* PBXContainerItemProxy */ = {
			isa = PBXContainerItemProxy;
			containerPortal = 3AAB48D623AA900A003A779A /* Project object */;
			proxyType = 1;
			remoteGlobalIDString = 3AAB48DD23AA900A003A779A;
			remoteInfo = SavePlates;
		};
/* End PBXContainerItemProxy section */

/* Begin PBXFileReference section */
		18ABAFE17C83011E6AC3CB7E /* Pods_SavePlates_SavePlatesUITests.framework */ = {isa = PBXFileReference; explicitFileType = wrapper.framework; includeInIndex = 0; path = Pods_SavePlates_SavePlatesUITests.framework; sourceTree = BUILT_PRODUCTS_DIR; };
		1C410A518C39CF0A7A00DEC8 /* Pods-SavePlates.debug.xcconfig */ = {isa = PBXFileReference; includeInIndex = 1; lastKnownFileType = text.xcconfig; name = "Pods-SavePlates.debug.xcconfig"; path = "Target Support Files/Pods-SavePlates/Pods-SavePlates.debug.xcconfig"; sourceTree = "<group>"; };
		393B89FC702F50A5D867AF31 /* Pods_SavePlates.framework */ = {isa = PBXFileReference; explicitFileType = wrapper.framework; includeInIndex = 0; path = Pods_SavePlates.framework; sourceTree = BUILT_PRODUCTS_DIR; };
		3AAB48DE23AA900A003A779A /* SavePlates.app */ = {isa = PBXFileReference; explicitFileType = wrapper.application; includeInIndex = 0; path = SavePlates.app; sourceTree = BUILT_PRODUCTS_DIR; };
		3AAB48E123AA900A003A779A /* AppDelegate.swift */ = {isa = PBXFileReference; lastKnownFileType = sourcecode.swift; path = AppDelegate.swift; sourceTree = "<group>"; };
		3AAB48E323AA900A003A779A /* SceneDelegate.swift */ = {isa = PBXFileReference; lastKnownFileType = sourcecode.swift; path = SceneDelegate.swift; sourceTree = "<group>"; };
		3AAB48E523AA900A003A779A /* ViewController.swift */ = {isa = PBXFileReference; lastKnownFileType = sourcecode.swift; path = ViewController.swift; sourceTree = "<group>"; };
		3AAB48E823AA900A003A779A /* Base */ = {isa = PBXFileReference; lastKnownFileType = file.storyboard; name = Base; path = Base.lproj/Main.storyboard; sourceTree = "<group>"; };
		3AAB48EA23AA900B003A779A /* Assets.xcassets */ = {isa = PBXFileReference; lastKnownFileType = folder.assetcatalog; path = Assets.xcassets; sourceTree = "<group>"; };
		3AAB48ED23AA900B003A779A /* Base */ = {isa = PBXFileReference; lastKnownFileType = file.storyboard; name = Base; path = Base.lproj/LaunchScreen.storyboard; sourceTree = "<group>"; };
		3AAB48EF23AA900B003A779A /* Info.plist */ = {isa = PBXFileReference; lastKnownFileType = text.plist.xml; path = Info.plist; sourceTree = "<group>"; };
		3AAB48F423AA900B003A779A /* SavePlatesTests.xctest */ = {isa = PBXFileReference; explicitFileType = wrapper.cfbundle; includeInIndex = 0; path = SavePlatesTests.xctest; sourceTree = BUILT_PRODUCTS_DIR; };
		3AAB48F823AA900B003A779A /* SavePlatesTests.swift */ = {isa = PBXFileReference; lastKnownFileType = sourcecode.swift; path = SavePlatesTests.swift; sourceTree = "<group>"; };
		3AAB48FA23AA900B003A779A /* Info.plist */ = {isa = PBXFileReference; lastKnownFileType = text.plist.xml; path = Info.plist; sourceTree = "<group>"; };
		3AAB48FF23AA900B003A779A /* SavePlatesUITests.xctest */ = {isa = PBXFileReference; explicitFileType = wrapper.cfbundle; includeInIndex = 0; path = SavePlatesUITests.xctest; sourceTree = BUILT_PRODUCTS_DIR; };
		3AAB490323AA900B003A779A /* SavePlatesUITests.swift */ = {isa = PBXFileReference; lastKnownFileType = sourcecode.swift; path = SavePlatesUITests.swift; sourceTree = "<group>"; };
		3AAB490523AA900B003A779A /* Info.plist */ = {isa = PBXFileReference; lastKnownFileType = text.plist.xml; path = Info.plist; sourceTree = "<group>"; };
		3AAB492A23AA9F29003A779A /* LoginViewController.swift */ = {isa = PBXFileReference; lastKnownFileType = sourcecode.swift; path = LoginViewController.swift; sourceTree = "<group>"; };
		3AAB492E23AA9F45003A779A /* NetworkHelper.swift */ = {isa = PBXFileReference; lastKnownFileType = sourcecode.swift; path = NetworkHelper.swift; sourceTree = "<group>"; };
		3AAB493123AA9F77003A779A /* FirebaseAuthService.swift */ = {isa = PBXFileReference; lastKnownFileType = sourcecode.swift; path = FirebaseAuthService.swift; sourceTree = "<group>"; };
		3AAB493423AA9F9E003A779A /* User.swift */ = {isa = PBXFileReference; lastKnownFileType = sourcecode.swift; path = User.swift; sourceTree = "<group>"; };
		3AAB493A23AAB647003A779A /* String+Validations.swift */ = {isa = PBXFileReference; lastKnownFileType = sourcecode.swift; path = "String+Validations.swift"; sourceTree = "<group>"; };
		3AAB494423AAD71C003A779A /* SignUpViewController.swift */ = {isa = PBXFileReference; lastKnownFileType = sourcecode.swift; path = SignUpViewController.swift; sourceTree = "<group>"; };
		3AAB494623AAD74C003A779A /* PlateDetailViewController.swift */ = {isa = PBXFileReference; lastKnownFileType = sourcecode.swift; path = PlateDetailViewController.swift; sourceTree = "<group>"; };
		3AAB494823AAD7B2003A779A /* Plate.swift */ = {isa = PBXFileReference; lastKnownFileType = sourcecode.swift; path = Plate.swift; sourceTree = "<group>"; };
		3AAB494A23AAD7E4003A779A /* Restaurant.swift */ = {isa = PBXFileReference; lastKnownFileType = sourcecode.swift; path = Restaurant.swift; sourceTree = "<group>"; };
		5B75DD6AAEBCA41EAF454561 /* Pods-SavePlates-SavePlatesUITests.debug.xcconfig */ = {isa = PBXFileReference; includeInIndex = 1; lastKnownFileType = text.xcconfig; name = "Pods-SavePlates-SavePlatesUITests.debug.xcconfig"; path = "Target Support Files/Pods-SavePlates-SavePlatesUITests/Pods-SavePlates-SavePlatesUITests.debug.xcconfig"; sourceTree = "<group>"; };
		67F4E9C3AE784FE512C4E2A7 /* Pods-SavePlates-SavePlatesUITests.release.xcconfig */ = {isa = PBXFileReference; includeInIndex = 1; lastKnownFileType = text.xcconfig; name = "Pods-SavePlates-SavePlatesUITests.release.xcconfig"; path = "Target Support Files/Pods-SavePlates-SavePlatesUITests/Pods-SavePlates-SavePlatesUITests.release.xcconfig"; sourceTree = "<group>"; };
		72DD39613BD3CCFE073EC28D /* Pods_SavePlatesTests.framework */ = {isa = PBXFileReference; explicitFileType = wrapper.framework; includeInIndex = 0; path = Pods_SavePlatesTests.framework; sourceTree = BUILT_PRODUCTS_DIR; };
		A16DEDF54A58654580B50CAF /* Pods-SavePlatesTests.debug.xcconfig */ = {isa = PBXFileReference; includeInIndex = 1; lastKnownFileType = text.xcconfig; name = "Pods-SavePlatesTests.debug.xcconfig"; path = "Target Support Files/Pods-SavePlatesTests/Pods-SavePlatesTests.debug.xcconfig"; sourceTree = "<group>"; };
		D37CEB28FAFA09144593C8EF /* Pods-SavePlatesTests.release.xcconfig */ = {isa = PBXFileReference; includeInIndex = 1; lastKnownFileType = text.xcconfig; name = "Pods-SavePlatesTests.release.xcconfig"; path = "Target Support Files/Pods-SavePlatesTests/Pods-SavePlatesTests.release.xcconfig"; sourceTree = "<group>"; };
		D852786C23AAF7E7006AF730 /* MainScreenTabBarViewController.swift */ = {isa = PBXFileReference; fileEncoding = 4; lastKnownFileType = sourcecode.swift; path = MainScreenTabBarViewController.swift; sourceTree = "<group>"; };
		D852786E23AAF805006AF730 /* PlatesHistoryViewController.swift */ = {isa = PBXFileReference; fileEncoding = 4; lastKnownFileType = sourcecode.swift; path = PlatesHistoryViewController.swift; sourceTree = "<group>"; };
		DF79AF8123AAAE990097267D /* FoodTypePickerViewController.swift */ = {isa = PBXFileReference; lastKnownFileType = sourcecode.swift; path = FoodTypePickerViewController.swift; sourceTree = "<group>"; };
		DF79AF8323AAC0A50097267D /* GoogleService-Info.plist */ = {isa = PBXFileReference; fileEncoding = 4; lastKnownFileType = text.plist.xml; path = "GoogleService-Info.plist"; sourceTree = "<group>"; };
		DF79AF8523AAC1670097267D /* SearchPlatesViewController.swift */ = {isa = PBXFileReference; lastKnownFileType = sourcecode.swift; path = SearchPlatesViewController.swift; sourceTree = "<group>"; };
		DF79AF8723AAC2270097267D /* PlatesCell.swift */ = {isa = PBXFileReference; lastKnownFileType = sourcecode.swift; path = PlatesCell.swift; sourceTree = "<group>"; };
		F1C9C8CEB53F3362D9A2FFE4 /* Pods-SavePlates.release.xcconfig */ = {isa = PBXFileReference; includeInIndex = 1; lastKnownFileType = text.xcconfig; name = "Pods-SavePlates.release.xcconfig"; path = "Target Support Files/Pods-SavePlates/Pods-SavePlates.release.xcconfig"; sourceTree = "<group>"; };
		FC3E0B1423AAA66D0051D8A2 /* FirebaseStorageService.swift */ = {isa = PBXFileReference; lastKnownFileType = sourcecode.swift; path = FirebaseStorageService.swift; sourceTree = "<group>"; };
		FC3E0B1623AAA69D0051D8A2 /* FirestoreService.swift */ = {isa = PBXFileReference; lastKnownFileType = sourcecode.swift; path = FirestoreService.swift; sourceTree = "<group>"; };
		FC3E0B1823AAA6F00051D8A2 /* AppUser.swift */ = {isa = PBXFileReference; lastKnownFileType = sourcecode.swift; path = AppUser.swift; sourceTree = "<group>"; };
/* End PBXFileReference section */

/* Begin PBXFrameworksBuildPhase section */
		3AAB48DB23AA900A003A779A /* Frameworks */ = {
			isa = PBXFrameworksBuildPhase;
			buildActionMask = 2147483647;
			files = (
				80B2AFCDA73858C43B387EB3 /* Pods_SavePlates.framework in Frameworks */,
			);
			runOnlyForDeploymentPostprocessing = 0;
		};
		3AAB48F123AA900B003A779A /* Frameworks */ = {
			isa = PBXFrameworksBuildPhase;
			buildActionMask = 2147483647;
			files = (
				3A4DC23D1EB1B3A5B1E74D13 /* (null) in Frameworks */,
				64C7F7D0AADC290F8622161B /* Pods_SavePlatesTests.framework in Frameworks */,
			);
			runOnlyForDeploymentPostprocessing = 0;
		};
		3AAB48FC23AA900B003A779A /* Frameworks */ = {
			isa = PBXFrameworksBuildPhase;
			buildActionMask = 2147483647;
			files = (
				82FF9275CFEC03EB95DDFE57 /* Pods_SavePlates_SavePlatesUITests.framework in Frameworks */,
			);
			runOnlyForDeploymentPostprocessing = 0;
		};
/* End PBXFrameworksBuildPhase section */

/* Begin PBXGroup section */
		0D5525D9B3715E8B3113A7A1 /* Pods */ = {
			isa = PBXGroup;
			children = (
				1C410A518C39CF0A7A00DEC8 /* Pods-SavePlates.debug.xcconfig */,
				F1C9C8CEB53F3362D9A2FFE4 /* Pods-SavePlates.release.xcconfig */,
				5B75DD6AAEBCA41EAF454561 /* Pods-SavePlates-SavePlatesUITests.debug.xcconfig */,
				67F4E9C3AE784FE512C4E2A7 /* Pods-SavePlates-SavePlatesUITests.release.xcconfig */,
				A16DEDF54A58654580B50CAF /* Pods-SavePlatesTests.debug.xcconfig */,
				D37CEB28FAFA09144593C8EF /* Pods-SavePlatesTests.release.xcconfig */,
			);
			path = Pods;
			sourceTree = "<group>";
		};
		176B3D3A1390C939BB6810CE /* Frameworks */ = {
			isa = PBXGroup;
			children = (
				393B89FC702F50A5D867AF31 /* Pods_SavePlates.framework */,
				18ABAFE17C83011E6AC3CB7E /* Pods_SavePlates_SavePlatesUITests.framework */,
				72DD39613BD3CCFE073EC28D /* Pods_SavePlatesTests.framework */,
			);
			name = Frameworks;
			sourceTree = "<group>";
		};
		3AAB48D523AA900A003A779A = {
			isa = PBXGroup;
			children = (
				3AAB48E023AA900A003A779A /* SavePlates */,
				3AAB48F723AA900B003A779A /* SavePlatesTests */,
				3AAB490223AA900B003A779A /* SavePlatesUITests */,
				3AAB48DF23AA900A003A779A /* Products */,
				0D5525D9B3715E8B3113A7A1 /* Pods */,
				176B3D3A1390C939BB6810CE /* Frameworks */,
			);
			sourceTree = "<group>";
		};
		3AAB48DF23AA900A003A779A /* Products */ = {
			isa = PBXGroup;
			children = (
				3AAB48DE23AA900A003A779A /* SavePlates.app */,
				3AAB48F423AA900B003A779A /* SavePlatesTests.xctest */,
				3AAB48FF23AA900B003A779A /* SavePlatesUITests.xctest */,
			);
			name = Products;
			sourceTree = "<group>";
		};
		3AAB48E023AA900A003A779A /* SavePlates */ = {
			isa = PBXGroup;
			children = (
				3AAB492923AA9F0D003A779A /* Controllers */,
				3AAB493323AA9F96003A779A /* Models */,
				3AAB492C23AA9F2E003A779A /* Utilities */,
				3AAB491123AA90FE003A779A /* Supporting Files */,
				3AAB48E723AA900A003A779A /* Main.storyboard */,
				3AAB48EA23AA900B003A779A /* Assets.xcassets */,
				3AAB48EF23AA900B003A779A /* Info.plist */,
				DF79AF8323AAC0A50097267D /* GoogleService-Info.plist */,
			);
			path = SavePlates;
			sourceTree = "<group>";
		};
		3AAB48F723AA900B003A779A /* SavePlatesTests */ = {
			isa = PBXGroup;
			children = (
				3AAB48F823AA900B003A779A /* SavePlatesTests.swift */,
				3AAB48FA23AA900B003A779A /* Info.plist */,
			);
			path = SavePlatesTests;
			sourceTree = "<group>";
		};
		3AAB490223AA900B003A779A /* SavePlatesUITests */ = {
			isa = PBXGroup;
			children = (
				3AAB490323AA900B003A779A /* SavePlatesUITests.swift */,
				3AAB490523AA900B003A779A /* Info.plist */,
			);
			path = SavePlatesUITests;
			sourceTree = "<group>";
		};
		3AAB491123AA90FE003A779A /* Supporting Files */ = {
			isa = PBXGroup;
			children = (
				3AAB48E123AA900A003A779A /* AppDelegate.swift */,
				3AAB48E323AA900A003A779A /* SceneDelegate.swift */,
				3AAB48E523AA900A003A779A /* ViewController.swift */,
				3AAB48EC23AA900B003A779A /* LaunchScreen.storyboard */,
			);
			path = "Supporting Files";
			sourceTree = "<group>";
		};
		3AAB492923AA9F0D003A779A /* Controllers */ = {
			isa = PBXGroup;
			children = (
				3AAB492A23AA9F29003A779A /* LoginViewController.swift */,
				DF79AF8523AAC1670097267D /* SearchPlatesViewController.swift */,
				DF79AF8723AAC2270097267D /* PlatesCell.swift */,
				DF79AF8123AAAE990097267D /* FoodTypePickerViewController.swift */,
				3AAB494423AAD71C003A779A /* SignUpViewController.swift */,
				3AAB494623AAD74C003A779A /* PlateDetailViewController.swift */,
				D852786C23AAF7E7006AF730 /* MainScreenTabBarViewController.swift */,
				D852786E23AAF805006AF730 /* PlatesHistoryViewController.swift */,
			);
			path = Controllers;
			sourceTree = "<group>";
		};
		3AAB492C23AA9F2E003A779A /* Utilities */ = {
			isa = PBXGroup;
			children = (
				3AAB493923AAB62D003A779A /* Extensions */,
				3AAB493023AA9F67003A779A /* Firebase */,
				3AAB492D23AA9F36003A779A /* Network */,
			);
			path = Utilities;
			sourceTree = "<group>";
		};
		3AAB492D23AA9F36003A779A /* Network */ = {
			isa = PBXGroup;
			children = (
				3AAB492E23AA9F45003A779A /* NetworkHelper.swift */,
			);
			path = Network;
			sourceTree = "<group>";
		};
		3AAB493023AA9F67003A779A /* Firebase */ = {
			isa = PBXGroup;
			children = (
				3AAB493123AA9F77003A779A /* FirebaseAuthService.swift */,
				FC3E0B1423AAA66D0051D8A2 /* FirebaseStorageService.swift */,
				FC3E0B1623AAA69D0051D8A2 /* FirestoreService.swift */,
			);
			path = Firebase;
			sourceTree = "<group>";
		};
		3AAB493323AA9F96003A779A /* Models */ = {
			isa = PBXGroup;
			children = (
				3AAB494823AAD7B2003A779A /* Plate.swift */,
				3AAB493423AA9F9E003A779A /* User.swift */,
				FC3E0B1823AAA6F00051D8A2 /* AppUser.swift */,
				3AAB494A23AAD7E4003A779A /* Restaurant.swift */,
			);
			path = Models;
			sourceTree = "<group>";
		};
		3AAB493923AAB62D003A779A /* Extensions */ = {
			isa = PBXGroup;
			children = (
				3AAB493A23AAB647003A779A /* String+Validations.swift */,
			);
			path = Extensions;
			sourceTree = "<group>";
		};
/* End PBXGroup section */

/* Begin PBXNativeTarget section */
		3AAB48DD23AA900A003A779A /* SavePlates */ = {
			isa = PBXNativeTarget;
			buildConfigurationList = 3AAB490823AA900B003A779A /* Build configuration list for PBXNativeTarget "SavePlates" */;
			buildPhases = (
				713458A733D644733C05E6A4 /* [CP] Check Pods Manifest.lock */,
				3AAB48DA23AA900A003A779A /* Sources */,
				3AAB48DB23AA900A003A779A /* Frameworks */,
				3AAB48DC23AA900A003A779A /* Resources */,
				3864906689F0C7A0DE39B6D8 /* [CP] Embed Pods Frameworks */,
			);
			buildRules = (
			);
			dependencies = (
			);
			name = SavePlates;
			productName = SavePlates;
			productReference = 3AAB48DE23AA900A003A779A /* SavePlates.app */;
			productType = "com.apple.product-type.application";
		};
		3AAB48F323AA900B003A779A /* SavePlatesTests */ = {
			isa = PBXNativeTarget;
			buildConfigurationList = 3AAB490B23AA900B003A779A /* Build configuration list for PBXNativeTarget "SavePlatesTests" */;
			buildPhases = (
				61E5D2A0D84F1CED24BE411D /* [CP] Check Pods Manifest.lock */,
				3AAB48F023AA900B003A779A /* Sources */,
				3AAB48F123AA900B003A779A /* Frameworks */,
				3AAB48F223AA900B003A779A /* Resources */,
			);
			buildRules = (
			);
			dependencies = (
				3AAB48F623AA900B003A779A /* PBXTargetDependency */,
			);
			name = SavePlatesTests;
			productName = SavePlatesTests;
			productReference = 3AAB48F423AA900B003A779A /* SavePlatesTests.xctest */;
			productType = "com.apple.product-type.bundle.unit-test";
		};
		3AAB48FE23AA900B003A779A /* SavePlatesUITests */ = {
			isa = PBXNativeTarget;
			buildConfigurationList = 3AAB490E23AA900B003A779A /* Build configuration list for PBXNativeTarget "SavePlatesUITests" */;
			buildPhases = (
				0E6601F988B172EC344E932A /* [CP] Check Pods Manifest.lock */,
				3AAB48FB23AA900B003A779A /* Sources */,
				3AAB48FC23AA900B003A779A /* Frameworks */,
				3AAB48FD23AA900B003A779A /* Resources */,
				9974D6D124E84A3EF0DBB648 /* [CP] Embed Pods Frameworks */,
			);
			buildRules = (
			);
			dependencies = (
				3AAB490123AA900B003A779A /* PBXTargetDependency */,
			);
			name = SavePlatesUITests;
			productName = SavePlatesUITests;
			productReference = 3AAB48FF23AA900B003A779A /* SavePlatesUITests.xctest */;
			productType = "com.apple.product-type.bundle.ui-testing";
		};
/* End PBXNativeTarget section */

/* Begin PBXProject section */
		3AAB48D623AA900A003A779A /* Project object */ = {
			isa = PBXProject;
			attributes = {
				LastSwiftUpdateCheck = 1110;
				LastUpgradeCheck = 1110;
				ORGANIZATIONNAME = "Sam Roman";
				TargetAttributes = {
					3AAB48DD23AA900A003A779A = {
						CreatedOnToolsVersion = 11.1;
					};
					3AAB48F323AA900B003A779A = {
						CreatedOnToolsVersion = 11.1;
						TestTargetID = 3AAB48DD23AA900A003A779A;
					};
					3AAB48FE23AA900B003A779A = {
						CreatedOnToolsVersion = 11.1;
						TestTargetID = 3AAB48DD23AA900A003A779A;
					};
				};
			};
			buildConfigurationList = 3AAB48D923AA900A003A779A /* Build configuration list for PBXProject "SavePlates" */;
			compatibilityVersion = "Xcode 9.3";
			developmentRegion = en;
			hasScannedForEncodings = 0;
			knownRegions = (
				en,
				Base,
			);
			mainGroup = 3AAB48D523AA900A003A779A;
			productRefGroup = 3AAB48DF23AA900A003A779A /* Products */;
			projectDirPath = "";
			projectRoot = "";
			targets = (
				3AAB48DD23AA900A003A779A /* SavePlates */,
				3AAB48F323AA900B003A779A /* SavePlatesTests */,
				3AAB48FE23AA900B003A779A /* SavePlatesUITests */,
			);
		};
/* End PBXProject section */

/* Begin PBXResourcesBuildPhase section */
		3AAB48DC23AA900A003A779A /* Resources */ = {
			isa = PBXResourcesBuildPhase;
			buildActionMask = 2147483647;
			files = (
				3AAB48EE23AA900B003A779A /* LaunchScreen.storyboard in Resources */,
				DF79AF8423AAC0A50097267D /* GoogleService-Info.plist in Resources */,
				3AAB48EB23AA900B003A779A /* Assets.xcassets in Resources */,
				3AAB48E923AA900A003A779A /* Main.storyboard in Resources */,
			);
			runOnlyForDeploymentPostprocessing = 0;
		};
		3AAB48F223AA900B003A779A /* Resources */ = {
			isa = PBXResourcesBuildPhase;
			buildActionMask = 2147483647;
			files = (
			);
			runOnlyForDeploymentPostprocessing = 0;
		};
		3AAB48FD23AA900B003A779A /* Resources */ = {
			isa = PBXResourcesBuildPhase;
			buildActionMask = 2147483647;
			files = (
			);
			runOnlyForDeploymentPostprocessing = 0;
		};
/* End PBXResourcesBuildPhase section */

/* Begin PBXShellScriptBuildPhase section */
		0E6601F988B172EC344E932A /* [CP] Check Pods Manifest.lock */ = {
			isa = PBXShellScriptBuildPhase;
			buildActionMask = 2147483647;
			files = (
			);
			inputFileListPaths = (
			);
			inputPaths = (
				"${PODS_PODFILE_DIR_PATH}/Podfile.lock",
				"${PODS_ROOT}/Manifest.lock",
			);
			name = "[CP] Check Pods Manifest.lock";
			outputFileListPaths = (
			);
			outputPaths = (
				"$(DERIVED_FILE_DIR)/Pods-SavePlates-SavePlatesUITests-checkManifestLockResult.txt",
			);
			runOnlyForDeploymentPostprocessing = 0;
			shellPath = /bin/sh;
			shellScript = "diff \"${PODS_PODFILE_DIR_PATH}/Podfile.lock\" \"${PODS_ROOT}/Manifest.lock\" > /dev/null\nif [ $? != 0 ] ; then\n    # print error to STDERR\n    echo \"error: The sandbox is not in sync with the Podfile.lock. Run 'pod install' or update your CocoaPods installation.\" >&2\n    exit 1\nfi\n# This output is used by Xcode 'outputs' to avoid re-running this script phase.\necho \"SUCCESS\" > \"${SCRIPT_OUTPUT_FILE_0}\"\n";
			showEnvVarsInLog = 0;
		};
		3864906689F0C7A0DE39B6D8 /* [CP] Embed Pods Frameworks */ = {
			isa = PBXShellScriptBuildPhase;
			buildActionMask = 2147483647;
			files = (
			);
			inputFileListPaths = (
				"${PODS_ROOT}/Target Support Files/Pods-SavePlates/Pods-SavePlates-frameworks-${CONFIGURATION}-input-files.xcfilelist",
			);
			name = "[CP] Embed Pods Frameworks";
			outputFileListPaths = (
				"${PODS_ROOT}/Target Support Files/Pods-SavePlates/Pods-SavePlates-frameworks-${CONFIGURATION}-output-files.xcfilelist",
			);
			runOnlyForDeploymentPostprocessing = 0;
			shellPath = /bin/sh;
			shellScript = "\"${PODS_ROOT}/Target Support Files/Pods-SavePlates/Pods-SavePlates-frameworks.sh\"\n";
			showEnvVarsInLog = 0;
		};
		61E5D2A0D84F1CED24BE411D /* [CP] Check Pods Manifest.lock */ = {
			isa = PBXShellScriptBuildPhase;
			buildActionMask = 2147483647;
			files = (
			);
			inputFileListPaths = (
			);
			inputPaths = (
				"${PODS_PODFILE_DIR_PATH}/Podfile.lock",
				"${PODS_ROOT}/Manifest.lock",
			);
			name = "[CP] Check Pods Manifest.lock";
			outputFileListPaths = (
			);
			outputPaths = (
				"$(DERIVED_FILE_DIR)/Pods-SavePlatesTests-checkManifestLockResult.txt",
			);
			runOnlyForDeploymentPostprocessing = 0;
			shellPath = /bin/sh;
			shellScript = "diff \"${PODS_PODFILE_DIR_PATH}/Podfile.lock\" \"${PODS_ROOT}/Manifest.lock\" > /dev/null\nif [ $? != 0 ] ; then\n    # print error to STDERR\n    echo \"error: The sandbox is not in sync with the Podfile.lock. Run 'pod install' or update your CocoaPods installation.\" >&2\n    exit 1\nfi\n# This output is used by Xcode 'outputs' to avoid re-running this script phase.\necho \"SUCCESS\" > \"${SCRIPT_OUTPUT_FILE_0}\"\n";
			showEnvVarsInLog = 0;
		};
		713458A733D644733C05E6A4 /* [CP] Check Pods Manifest.lock */ = {
			isa = PBXShellScriptBuildPhase;
			buildActionMask = 2147483647;
			files = (
			);
			inputFileListPaths = (
			);
			inputPaths = (
				"${PODS_PODFILE_DIR_PATH}/Podfile.lock",
				"${PODS_ROOT}/Manifest.lock",
			);
			name = "[CP] Check Pods Manifest.lock";
			outputFileListPaths = (
			);
			outputPaths = (
				"$(DERIVED_FILE_DIR)/Pods-SavePlates-checkManifestLockResult.txt",
			);
			runOnlyForDeploymentPostprocessing = 0;
			shellPath = /bin/sh;
			shellScript = "diff \"${PODS_PODFILE_DIR_PATH}/Podfile.lock\" \"${PODS_ROOT}/Manifest.lock\" > /dev/null\nif [ $? != 0 ] ; then\n    # print error to STDERR\n    echo \"error: The sandbox is not in sync with the Podfile.lock. Run 'pod install' or update your CocoaPods installation.\" >&2\n    exit 1\nfi\n# This output is used by Xcode 'outputs' to avoid re-running this script phase.\necho \"SUCCESS\" > \"${SCRIPT_OUTPUT_FILE_0}\"\n";
			showEnvVarsInLog = 0;
		};
		9974D6D124E84A3EF0DBB648 /* [CP] Embed Pods Frameworks */ = {
			isa = PBXShellScriptBuildPhase;
			buildActionMask = 2147483647;
			files = (
			);
			inputFileListPaths = (
				"${PODS_ROOT}/Target Support Files/Pods-SavePlates-SavePlatesUITests/Pods-SavePlates-SavePlatesUITests-frameworks-${CONFIGURATION}-input-files.xcfilelist",
			);
			name = "[CP] Embed Pods Frameworks";
			outputFileListPaths = (
				"${PODS_ROOT}/Target Support Files/Pods-SavePlates-SavePlatesUITests/Pods-SavePlates-SavePlatesUITests-frameworks-${CONFIGURATION}-output-files.xcfilelist",
			);
			runOnlyForDeploymentPostprocessing = 0;
			shellPath = /bin/sh;
			shellScript = "\"${PODS_ROOT}/Target Support Files/Pods-SavePlates-SavePlatesUITests/Pods-SavePlates-SavePlatesUITests-frameworks.sh\"\n";
			showEnvVarsInLog = 0;
		};
/* End PBXShellScriptBuildPhase section */

/* Begin PBXSourcesBuildPhase section */
		3AAB48DA23AA900A003A779A /* Sources */ = {
			isa = PBXSourcesBuildPhase;
			buildActionMask = 2147483647;
			files = (
				3AAB493B23AAB647003A779A /* String+Validations.swift in Sources */,
				3AAB492B23AA9F29003A779A /* LoginViewController.swift in Sources */,
				D852786F23AAF805006AF730 /* PlatesHistoryViewController.swift in Sources */,
				3AAB494723AAD74C003A779A /* PlateDetailViewController.swift in Sources */,
				DF79AF8823AAC2270097267D /* PlatesCell.swift in Sources */,
				3AAB48E623AA900A003A779A /* ViewController.swift in Sources */,
				3AAB492F23AA9F45003A779A /* NetworkHelper.swift in Sources */,
				3AAB48E223AA900A003A779A /* AppDelegate.swift in Sources */,
				D852786D23AAF7E7006AF730 /* MainScreenTabBarViewController.swift in Sources */,
				3AAB494923AAD7B2003A779A /* Plate.swift in Sources */,
				3AAB494B23AAD7E4003A779A /* Restaurant.swift in Sources */,
				DF79AF8223AAAE990097267D /* FoodTypePickerViewController.swift in Sources */,
				3AAB493223AA9F77003A779A /* FirebaseAuthService.swift in Sources */,
				3AAB48E423AA900A003A779A /* SceneDelegate.swift in Sources */,
				3AAB494523AAD71C003A779A /* SignUpViewController.swift in Sources */,
				FC3E0B1923AAA6F00051D8A2 /* AppUser.swift in Sources */,
				FC3E0B1523AAA66D0051D8A2 /* FirebaseStorageService.swift in Sources */,
				FC3E0B1723AAA69D0051D8A2 /* FirestoreService.swift in Sources */,
				3AAB493523AA9F9E003A779A /* User.swift in Sources */,
				DF79AF8623AAC1670097267D /* SearchPlatesViewController.swift in Sources */,
			);
			runOnlyForDeploymentPostprocessing = 0;
		};
		3AAB48F023AA900B003A779A /* Sources */ = {
			isa = PBXSourcesBuildPhase;
			buildActionMask = 2147483647;
			files = (
				3AAB48F923AA900B003A779A /* SavePlatesTests.swift in Sources */,
			);
			runOnlyForDeploymentPostprocessing = 0;
		};
		3AAB48FB23AA900B003A779A /* Sources */ = {
			isa = PBXSourcesBuildPhase;
			buildActionMask = 2147483647;
			files = (
				3AAB490423AA900B003A779A /* SavePlatesUITests.swift in Sources */,
			);
			runOnlyForDeploymentPostprocessing = 0;
		};
/* End PBXSourcesBuildPhase section */

/* Begin PBXTargetDependency section */
		3AAB48F623AA900B003A779A /* PBXTargetDependency */ = {
			isa = PBXTargetDependency;
			target = 3AAB48DD23AA900A003A779A /* SavePlates */;
			targetProxy = 3AAB48F523AA900B003A779A /* PBXContainerItemProxy */;
		};
		3AAB490123AA900B003A779A /* PBXTargetDependency */ = {
			isa = PBXTargetDependency;
			target = 3AAB48DD23AA900A003A779A /* SavePlates */;
			targetProxy = 3AAB490023AA900B003A779A /* PBXContainerItemProxy */;
		};
/* End PBXTargetDependency section */

/* Begin PBXVariantGroup section */
		3AAB48E723AA900A003A779A /* Main.storyboard */ = {
			isa = PBXVariantGroup;
			children = (
				3AAB48E823AA900A003A779A /* Base */,
			);
			name = Main.storyboard;
			sourceTree = "<group>";
		};
		3AAB48EC23AA900B003A779A /* LaunchScreen.storyboard */ = {
			isa = PBXVariantGroup;
			children = (
				3AAB48ED23AA900B003A779A /* Base */,
			);
			name = LaunchScreen.storyboard;
			sourceTree = "<group>";
		};
/* End PBXVariantGroup section */

/* Begin XCBuildConfiguration section */
		3AAB490623AA900B003A779A /* Debug */ = {
			isa = XCBuildConfiguration;
			buildSettings = {
				ALWAYS_SEARCH_USER_PATHS = NO;
				CLANG_ANALYZER_NONNULL = YES;
				CLANG_ANALYZER_NUMBER_OBJECT_CONVERSION = YES_AGGRESSIVE;
				CLANG_CXX_LANGUAGE_STANDARD = "gnu++14";
				CLANG_CXX_LIBRARY = "libc++";
				CLANG_ENABLE_MODULES = YES;
				CLANG_ENABLE_OBJC_ARC = YES;
				CLANG_ENABLE_OBJC_WEAK = YES;
				CLANG_WARN_BLOCK_CAPTURE_AUTORELEASING = YES;
				CLANG_WARN_BOOL_CONVERSION = YES;
				CLANG_WARN_COMMA = YES;
				CLANG_WARN_CONSTANT_CONVERSION = YES;
				CLANG_WARN_DEPRECATED_OBJC_IMPLEMENTATIONS = YES;
				CLANG_WARN_DIRECT_OBJC_ISA_USAGE = YES_ERROR;
				CLANG_WARN_DOCUMENTATION_COMMENTS = YES;
				CLANG_WARN_EMPTY_BODY = YES;
				CLANG_WARN_ENUM_CONVERSION = YES;
				CLANG_WARN_INFINITE_RECURSION = YES;
				CLANG_WARN_INT_CONVERSION = YES;
				CLANG_WARN_NON_LITERAL_NULL_CONVERSION = YES;
				CLANG_WARN_OBJC_IMPLICIT_RETAIN_SELF = YES;
				CLANG_WARN_OBJC_LITERAL_CONVERSION = YES;
				CLANG_WARN_OBJC_ROOT_CLASS = YES_ERROR;
				CLANG_WARN_RANGE_LOOP_ANALYSIS = YES;
				CLANG_WARN_STRICT_PROTOTYPES = YES;
				CLANG_WARN_SUSPICIOUS_MOVE = YES;
				CLANG_WARN_UNGUARDED_AVAILABILITY = YES_AGGRESSIVE;
				CLANG_WARN_UNREACHABLE_CODE = YES;
				CLANG_WARN__DUPLICATE_METHOD_MATCH = YES;
				COPY_PHASE_STRIP = NO;
				DEBUG_INFORMATION_FORMAT = dwarf;
				ENABLE_STRICT_OBJC_MSGSEND = YES;
				ENABLE_TESTABILITY = YES;
				GCC_C_LANGUAGE_STANDARD = gnu11;
				GCC_DYNAMIC_NO_PIC = NO;
				GCC_NO_COMMON_BLOCKS = YES;
				GCC_OPTIMIZATION_LEVEL = 0;
				GCC_PREPROCESSOR_DEFINITIONS = (
					"DEBUG=1",
					"$(inherited)",
				);
				GCC_WARN_64_TO_32_BIT_CONVERSION = YES;
				GCC_WARN_ABOUT_RETURN_TYPE = YES_ERROR;
				GCC_WARN_UNDECLARED_SELECTOR = YES;
				GCC_WARN_UNINITIALIZED_AUTOS = YES_AGGRESSIVE;
				GCC_WARN_UNUSED_FUNCTION = YES;
				GCC_WARN_UNUSED_VARIABLE = YES;
				IPHONEOS_DEPLOYMENT_TARGET = 13.1;
				MTL_ENABLE_DEBUG_INFO = INCLUDE_SOURCE;
				MTL_FAST_MATH = YES;
				ONLY_ACTIVE_ARCH = YES;
				SDKROOT = iphoneos;
				SWIFT_ACTIVE_COMPILATION_CONDITIONS = DEBUG;
				SWIFT_OPTIMIZATION_LEVEL = "-Onone";
			};
			name = Debug;
		};
		3AAB490723AA900B003A779A /* Release */ = {
			isa = XCBuildConfiguration;
			buildSettings = {
				ALWAYS_SEARCH_USER_PATHS = NO;
				CLANG_ANALYZER_NONNULL = YES;
				CLANG_ANALYZER_NUMBER_OBJECT_CONVERSION = YES_AGGRESSIVE;
				CLANG_CXX_LANGUAGE_STANDARD = "gnu++14";
				CLANG_CXX_LIBRARY = "libc++";
				CLANG_ENABLE_MODULES = YES;
				CLANG_ENABLE_OBJC_ARC = YES;
				CLANG_ENABLE_OBJC_WEAK = YES;
				CLANG_WARN_BLOCK_CAPTURE_AUTORELEASING = YES;
				CLANG_WARN_BOOL_CONVERSION = YES;
				CLANG_WARN_COMMA = YES;
				CLANG_WARN_CONSTANT_CONVERSION = YES;
				CLANG_WARN_DEPRECATED_OBJC_IMPLEMENTATIONS = YES;
				CLANG_WARN_DIRECT_OBJC_ISA_USAGE = YES_ERROR;
				CLANG_WARN_DOCUMENTATION_COMMENTS = YES;
				CLANG_WARN_EMPTY_BODY = YES;
				CLANG_WARN_ENUM_CONVERSION = YES;
				CLANG_WARN_INFINITE_RECURSION = YES;
				CLANG_WARN_INT_CONVERSION = YES;
				CLANG_WARN_NON_LITERAL_NULL_CONVERSION = YES;
				CLANG_WARN_OBJC_IMPLICIT_RETAIN_SELF = YES;
				CLANG_WARN_OBJC_LITERAL_CONVERSION = YES;
				CLANG_WARN_OBJC_ROOT_CLASS = YES_ERROR;
				CLANG_WARN_RANGE_LOOP_ANALYSIS = YES;
				CLANG_WARN_STRICT_PROTOTYPES = YES;
				CLANG_WARN_SUSPICIOUS_MOVE = YES;
				CLANG_WARN_UNGUARDED_AVAILABILITY = YES_AGGRESSIVE;
				CLANG_WARN_UNREACHABLE_CODE = YES;
				CLANG_WARN__DUPLICATE_METHOD_MATCH = YES;
				COPY_PHASE_STRIP = NO;
				DEBUG_INFORMATION_FORMAT = "dwarf-with-dsym";
				ENABLE_NS_ASSERTIONS = NO;
				ENABLE_STRICT_OBJC_MSGSEND = YES;
				GCC_C_LANGUAGE_STANDARD = gnu11;
				GCC_NO_COMMON_BLOCKS = YES;
				GCC_WARN_64_TO_32_BIT_CONVERSION = YES;
				GCC_WARN_ABOUT_RETURN_TYPE = YES_ERROR;
				GCC_WARN_UNDECLARED_SELECTOR = YES;
				GCC_WARN_UNINITIALIZED_AUTOS = YES_AGGRESSIVE;
				GCC_WARN_UNUSED_FUNCTION = YES;
				GCC_WARN_UNUSED_VARIABLE = YES;
				IPHONEOS_DEPLOYMENT_TARGET = 13.1;
				MTL_ENABLE_DEBUG_INFO = NO;
				MTL_FAST_MATH = YES;
				SDKROOT = iphoneos;
				SWIFT_COMPILATION_MODE = wholemodule;
				SWIFT_OPTIMIZATION_LEVEL = "-O";
				VALIDATE_PRODUCT = YES;
			};
			name = Release;
		};
		3AAB490923AA900B003A779A /* Debug */ = {
			isa = XCBuildConfiguration;
			baseConfigurationReference = 1C410A518C39CF0A7A00DEC8 /* Pods-SavePlates.debug.xcconfig */;
			buildSettings = {
				ASSETCATALOG_COMPILER_APPICON_NAME = AppIcon;
				CODE_SIGN_STYLE = Automatic;
				DEVELOPMENT_TEAM = BHJSDBBPS7;
				INFOPLIST_FILE = SavePlates/Info.plist;
				LD_RUNPATH_SEARCH_PATHS = (
					"$(inherited)",
					"@executable_path/Frameworks",
				);
				PRODUCT_BUNDLE_IDENTIFIER = hackathon.SavePlates;
				PRODUCT_NAME = "$(TARGET_NAME)";
				SWIFT_VERSION = 5.0;
				TARGETED_DEVICE_FAMILY = "1,2";
			};
			name = Debug;
		};
		3AAB490A23AA900B003A779A /* Release */ = {
			isa = XCBuildConfiguration;
			baseConfigurationReference = F1C9C8CEB53F3362D9A2FFE4 /* Pods-SavePlates.release.xcconfig */;
			buildSettings = {
				ASSETCATALOG_COMPILER_APPICON_NAME = AppIcon;
				CODE_SIGN_STYLE = Automatic;
				DEVELOPMENT_TEAM = BHJSDBBPS7;
				INFOPLIST_FILE = SavePlates/Info.plist;
				LD_RUNPATH_SEARCH_PATHS = (
					"$(inherited)",
					"@executable_path/Frameworks",
				);
				PRODUCT_BUNDLE_IDENTIFIER = hackathon.SavePlates;
				PRODUCT_NAME = "$(TARGET_NAME)";
				SWIFT_VERSION = 5.0;
				TARGETED_DEVICE_FAMILY = "1,2";
			};
			name = Release;
		};
		3AAB490C23AA900B003A779A /* Debug */ = {
			isa = XCBuildConfiguration;
			baseConfigurationReference = A16DEDF54A58654580B50CAF /* Pods-SavePlatesTests.debug.xcconfig */;
			buildSettings = {
				ALWAYS_EMBED_SWIFT_STANDARD_LIBRARIES = YES;
				BUNDLE_LOADER = "$(TEST_HOST)";
				CODE_SIGN_STYLE = Automatic;
				DEVELOPMENT_TEAM = BHJSDBBPS7;
				INFOPLIST_FILE = SavePlatesTests/Info.plist;
				IPHONEOS_DEPLOYMENT_TARGET = 13.1;
				LD_RUNPATH_SEARCH_PATHS = (
					"$(inherited)",
					"@executable_path/Frameworks",
					"@loader_path/Frameworks",
				);
				PRODUCT_BUNDLE_IDENTIFIER = samroman.SavePlatesTests;
				PRODUCT_NAME = "$(TARGET_NAME)";
				SWIFT_VERSION = 5.0;
				TARGETED_DEVICE_FAMILY = "1,2";
				TEST_HOST = "$(BUILT_PRODUCTS_DIR)/SavePlates.app/SavePlates";
			};
			name = Debug;
		};
		3AAB490D23AA900B003A779A /* Release */ = {
			isa = XCBuildConfiguration;
			baseConfigurationReference = D37CEB28FAFA09144593C8EF /* Pods-SavePlatesTests.release.xcconfig */;
			buildSettings = {
				ALWAYS_EMBED_SWIFT_STANDARD_LIBRARIES = YES;
				BUNDLE_LOADER = "$(TEST_HOST)";
				CODE_SIGN_STYLE = Automatic;
				DEVELOPMENT_TEAM = BHJSDBBPS7;
				INFOPLIST_FILE = SavePlatesTests/Info.plist;
				IPHONEOS_DEPLOYMENT_TARGET = 13.1;
				LD_RUNPATH_SEARCH_PATHS = (
					"$(inherited)",
					"@executable_path/Frameworks",
					"@loader_path/Frameworks",
				);
				PRODUCT_BUNDLE_IDENTIFIER = samroman.SavePlatesTests;
				PRODUCT_NAME = "$(TARGET_NAME)";
				SWIFT_VERSION = 5.0;
				TARGETED_DEVICE_FAMILY = "1,2";
				TEST_HOST = "$(BUILT_PRODUCTS_DIR)/SavePlates.app/SavePlates";
			};
			name = Release;
		};
		3AAB490F23AA900B003A779A /* Debug */ = {
			isa = XCBuildConfiguration;
			baseConfigurationReference = 5B75DD6AAEBCA41EAF454561 /* Pods-SavePlates-SavePlatesUITests.debug.xcconfig */;
			buildSettings = {
				ALWAYS_EMBED_SWIFT_STANDARD_LIBRARIES = YES;
				CODE_SIGN_STYLE = Automatic;
				DEVELOPMENT_TEAM = BHJSDBBPS7;
				INFOPLIST_FILE = SavePlatesUITests/Info.plist;
				LD_RUNPATH_SEARCH_PATHS = (
					"$(inherited)",
					"@executable_path/Frameworks",
					"@loader_path/Frameworks",
				);
				PRODUCT_BUNDLE_IDENTIFIER = samroman.SavePlatesUITests;
				PRODUCT_NAME = "$(TARGET_NAME)";
				SWIFT_VERSION = 5.0;
				TARGETED_DEVICE_FAMILY = "1,2";
				TEST_TARGET_NAME = SavePlates;
			};
			name = Debug;
		};
		3AAB491023AA900B003A779A /* Release */ = {
			isa = XCBuildConfiguration;
			baseConfigurationReference = 67F4E9C3AE784FE512C4E2A7 /* Pods-SavePlates-SavePlatesUITests.release.xcconfig */;
			buildSettings = {
				ALWAYS_EMBED_SWIFT_STANDARD_LIBRARIES = YES;
				CODE_SIGN_STYLE = Automatic;
				DEVELOPMENT_TEAM = BHJSDBBPS7;
				INFOPLIST_FILE = SavePlatesUITests/Info.plist;
				LD_RUNPATH_SEARCH_PATHS = (
					"$(inherited)",
					"@executable_path/Frameworks",
					"@loader_path/Frameworks",
				);
				PRODUCT_BUNDLE_IDENTIFIER = samroman.SavePlatesUITests;
				PRODUCT_NAME = "$(TARGET_NAME)";
				SWIFT_VERSION = 5.0;
				TARGETED_DEVICE_FAMILY = "1,2";
				TEST_TARGET_NAME = SavePlates;
			};
			name = Release;
		};
/* End XCBuildConfiguration section */

/* Begin XCConfigurationList section */
		3AAB48D923AA900A003A779A /* Build configuration list for PBXProject "SavePlates" */ = {
			isa = XCConfigurationList;
			buildConfigurations = (
				3AAB490623AA900B003A779A /* Debug */,
				3AAB490723AA900B003A779A /* Release */,
			);
			defaultConfigurationIsVisible = 0;
			defaultConfigurationName = Release;
		};
		3AAB490823AA900B003A779A /* Build configuration list for PBXNativeTarget "SavePlates" */ = {
			isa = XCConfigurationList;
			buildConfigurations = (
				3AAB490923AA900B003A779A /* Debug */,
				3AAB490A23AA900B003A779A /* Release */,
			);
			defaultConfigurationIsVisible = 0;
			defaultConfigurationName = Release;
		};
		3AAB490B23AA900B003A779A /* Build configuration list for PBXNativeTarget "SavePlatesTests" */ = {
			isa = XCConfigurationList;
			buildConfigurations = (
				3AAB490C23AA900B003A779A /* Debug */,
				3AAB490D23AA900B003A779A /* Release */,
			);
			defaultConfigurationIsVisible = 0;
			defaultConfigurationName = Release;
		};
		3AAB490E23AA900B003A779A /* Build configuration list for PBXNativeTarget "SavePlatesUITests" */ = {
			isa = XCConfigurationList;
			buildConfigurations = (
				3AAB490F23AA900B003A779A /* Debug */,
				3AAB491023AA900B003A779A /* Release */,
			);
			defaultConfigurationIsVisible = 0;
			defaultConfigurationName = Release;
		};
/* End XCConfigurationList section */
	};
	rootObject = 3AAB48D623AA900A003A779A /* Project object */;
}
